
Microsoft Visual Studio Solution File, Format Version 12.00
# Visual Studio Version 17
VisualStudioVersion = 17.10.35122.118
MinimumVisualStudioVersion = 10.0.40219.1
Project("{FAE04EC0-301F-11D3-BF4B-00C04F79EFBC}") = "Lesson_Array_List", "Lesson_Array_List\Lesson_Array_List.csproj", "{5E5D70DE-05D7-4C73-B7AC-A3190DD6B80A}"
EndProject
Global
	GlobalSection(SolutionConfigurationPlatforms) = preSolution
		Debug|Any CPU = Debug|Any CPU
		Release|Any CPU = Release|Any CPU
	EndGlobalSection
	GlobalSection(ProjectConfigurationPlatforms) = postSolution
		{5E5D70DE-05D7-4C73-B7AC-A3190DD6B80A}.Debug|Any CPU.ActiveCfg = Debug|Any CPU
		{5E5D70DE-05D7-4C73-B7AC-A3190DD6B80A}.Debug|Any CPU.Build.0 = Debug|Any CPU
		{5E5D70DE-05D7-4C73-B7AC-A3190DD6B80A}.Release|Any CPU.ActiveCfg = Release|Any CPU
		{5E5D70DE-05D7-4C73-B7AC-A3190DD6B80A}.Release|Any CPU.Build.0 = Release|Any CPU
	EndGlobalSection
	GlobalSection(SolutionProperties) = preSolution
		HideSolutionNode = FALSE
	EndGlobalSection
	GlobalSection(ExtensibilityGlobals) = postSolution
		SolutionGuid = {829DA4D2-488B-45AB-B2D4-D0F365713822}
	EndGlobalSection
EndGlobal
