
Microsoft Visual Studio Solution File, Format Version 12.00
# Visual Studio Version 17
VisualStudioVersion = 17.10.35122.118
MinimumVisualStudioVersion = 10.0.40219.1
Project("{FAE04EC0-301F-11D3-BF4B-00C04F79EFBC}") = "HW_9_AnonimTypes_Delegates", "HW_9_AnonimTypes_Delegates\HW_9_AnonimTypes_Delegates.csproj", "{C1A90389-48CF-4E76-BA9B-6BBD79F6D38C}"
EndProject
Project("{FAE04EC0-301F-11D3-BF4B-00C04F79EFBC}") = "Program2", "Program2\Program2.csproj", "{9B8B3875-86FC-4DEA-9ECC-B02D765EB80C}"
EndProject
Project("{FAE04EC0-301F-11D3-BF4B-00C04F79EFBC}") = "Program3", "Program3\Program3.csproj", "{01C6C52D-0210-4E0A-8835-12B94D1C98CE}"
EndProject
Global
	GlobalSection(SolutionConfigurationPlatforms) = preSolution
		Debug|Any CPU = Debug|Any CPU
		Release|Any CPU = Release|Any CPU
	EndGlobalSection
	GlobalSection(ProjectConfigurationPlatforms) = postSolution
		{C1A90389-48CF-4E76-BA9B-6BBD79F6D38C}.Debug|Any CPU.ActiveCfg = Debug|Any CPU
		{C1A90389-48CF-4E76-BA9B-6BBD79F6D38C}.Debug|Any CPU.Build.0 = Debug|Any CPU
		{C1A90389-48CF-4E76-BA9B-6BBD79F6D38C}.Release|Any CPU.ActiveCfg = Release|Any CPU
		{C1A90389-48CF-4E76-BA9B-6BBD79F6D38C}.Release|Any CPU.Build.0 = Release|Any CPU
		{9B8B3875-86FC-4DEA-9ECC-B02D765EB80C}.Debug|Any CPU.ActiveCfg = Debug|Any CPU
		{9B8B3875-86FC-4DEA-9ECC-B02D765EB80C}.Debug|Any CPU.Build.0 = Debug|Any CPU
		{9B8B3875-86FC-4DEA-9ECC-B02D765EB80C}.Release|Any CPU.ActiveCfg = Release|Any CPU
		{9B8B3875-86FC-4DEA-9ECC-B02D765EB80C}.Release|Any CPU.Build.0 = Release|Any CPU
		{01C6C52D-0210-4E0A-8835-12B94D1C98CE}.Debug|Any CPU.ActiveCfg = Debug|Any CPU
		{01C6C52D-0210-4E0A-8835-12B94D1C98CE}.Debug|Any CPU.Build.0 = Debug|Any CPU
		{01C6C52D-0210-4E0A-8835-12B94D1C98CE}.Release|Any CPU.ActiveCfg = Release|Any CPU
		{01C6C52D-0210-4E0A-8835-12B94D1C98CE}.Release|Any CPU.Build.0 = Release|Any CPU
	EndGlobalSection
	GlobalSection(SolutionProperties) = preSolution
		HideSolutionNode = FALSE
	EndGlobalSection
	GlobalSection(ExtensibilityGlobals) = postSolution
		SolutionGuid = {8C683C74-5A45-4D2C-8005-938F7A333D3F}
	EndGlobalSection
EndGlobal
