
Microsoft Visual Studio Solution File, Format Version 12.00
# Visual Studio Version 17
VisualStudioVersion = 17.10.35122.118
MinimumVisualStudioVersion = 10.0.40219.1
Project("{FAE04EC0-301F-11D3-BF4B-00C04F79EFBC}") = "Interfaces", "Interfaces\Interfaces.csproj", "{DB73B4C6-E36E-47F8-9493-BA81BE285CDF}"
EndProject
Global
	GlobalSection(SolutionConfigurationPlatforms) = preSolution
		Debug|Any CPU = Debug|Any CPU
		Release|Any CPU = Release|Any CPU
	EndGlobalSection
	GlobalSection(ProjectConfigurationPlatforms) = postSolution
		{DB73B4C6-E36E-47F8-9493-BA81BE285CDF}.Debug|Any CPU.ActiveCfg = Debug|Any CPU
		{DB73B4C6-E36E-47F8-9493-BA81BE285CDF}.Debug|Any CPU.Build.0 = Debug|Any CPU
		{DB73B4C6-E36E-47F8-9493-BA81BE285CDF}.Release|Any CPU.ActiveCfg = Release|Any CPU
		{DB73B4C6-E36E-47F8-9493-BA81BE285CDF}.Release|Any CPU.Build.0 = Release|Any CPU
	EndGlobalSection
	GlobalSection(SolutionProperties) = preSolution
		HideSolutionNode = FALSE
	EndGlobalSection
	GlobalSection(ExtensibilityGlobals) = postSolution
		SolutionGuid = {84B2415F-E655-468B-9FC4-32E16672F325}
	EndGlobalSection
EndGlobal
