
Microsoft Visual Studio Solution File, Format Version 12.00
# Visual Studio Version 17
VisualStudioVersion = 17.10.35122.118
MinimumVisualStudioVersion = 10.0.40219.1
Project("{9A19103F-16F7-4668-BE54-9A1E7A4F7556}") = "Planets", "Planets\Planets.csproj", "{BEFE4D6F-D083-47E9-961F-B34141E09ED2}"
EndProject
Project("{FAE04EC0-301F-11D3-BF4B-00C04F79EFBC}") = "Planets2", "ConsoleApp1\Planets2.csproj", "{09343787-90C4-49CA-8CB5-7664FCAA287D}"
EndProject
Project("{FAE04EC0-301F-11D3-BF4B-00C04F79EFBC}") = "Planet3", "Planet3\Planet3.csproj", "{CFE4B553-CB5A-484B-9432-4D363CD0FFD9}"
EndProject
Global
	GlobalSection(SolutionConfigurationPlatforms) = preSolution
		Debug|Any CPU = Debug|Any CPU
		Release|Any CPU = Release|Any CPU
	EndGlobalSection
	GlobalSection(ProjectConfigurationPlatforms) = postSolution
		{BEFE4D6F-D083-47E9-961F-B34141E09ED2}.Debug|Any CPU.ActiveCfg = Debug|Any CPU
		{BEFE4D6F-D083-47E9-961F-B34141E09ED2}.Debug|Any CPU.Build.0 = Debug|Any CPU
		{BEFE4D6F-D083-47E9-961F-B34141E09ED2}.Release|Any CPU.ActiveCfg = Release|Any CPU
		{BEFE4D6F-D083-47E9-961F-B34141E09ED2}.Release|Any CPU.Build.0 = Release|Any CPU
		{09343787-90C4-49CA-8CB5-7664FCAA287D}.Debug|Any CPU.ActiveCfg = Debug|Any CPU
		{09343787-90C4-49CA-8CB5-7664FCAA287D}.Debug|Any CPU.Build.0 = Debug|Any CPU
		{09343787-90C4-49CA-8CB5-7664FCAA287D}.Release|Any CPU.ActiveCfg = Release|Any CPU
		{09343787-90C4-49CA-8CB5-7664FCAA287D}.Release|Any CPU.Build.0 = Release|Any CPU
		{CFE4B553-CB5A-484B-9432-4D363CD0FFD9}.Debug|Any CPU.ActiveCfg = Debug|Any CPU
		{CFE4B553-CB5A-484B-9432-4D363CD0FFD9}.Debug|Any CPU.Build.0 = Debug|Any CPU
		{CFE4B553-CB5A-484B-9432-4D363CD0FFD9}.Release|Any CPU.ActiveCfg = Release|Any CPU
		{CFE4B553-CB5A-484B-9432-4D363CD0FFD9}.Release|Any CPU.Build.0 = Release|Any CPU
	EndGlobalSection
	GlobalSection(SolutionProperties) = preSolution
		HideSolutionNode = FALSE
	EndGlobalSection
	GlobalSection(ExtensibilityGlobals) = postSolution
		SolutionGuid = {84C75C5B-6C9A-427D-8E09-40CF8BD85101}
	EndGlobalSection
EndGlobal
